PODS:
  - Crashlytics (3.8.0):
    - Fabric (~> 1.6.3)
  - Fabric (1.6.6)
  - SnapKit (0.19.1)

DEPENDENCIES:
  - Crashlytics
  - Fabric
  - SnapKit

SPEC CHECKSUMS:
  Crashlytics: 8601d9c74a4c4d28f3e7f408bf4c0e490c70e8b4
  Fabric: 1abc1e59f11fa39ede6f690ef7309d8563e3ec59
  SnapKit: eff58d6e3451bf2f482db2eccf86aecf371dc62d

PODFILE CHECKSUM: 5374763b435d22f2bafc21aa468da63747bfe550

COCOAPODS: 1.0.0
