PODS:
  - Crashlytics (3.10.7):
    - Fabric (~> 1.7.11)
  - Fabric (1.7.11)
  - SnapKit (4.0.1)
  - TTTAttributedLabel (2.0.0)

DEPENDENCIES:
  - Crashlytics (~> 3.10)
  - Fabric
  - SnapKit
  - TTTAttributedLabel

SPEC REPOS:
  https://github.com/cocoapods/specs.git:
    - Crashlytics
    - Fabric
    - SnapKit
    - TTTAttributedLabel

SPEC CHECKSUMS:
  Crashlytics: ccaac42660eb9351b9960c0d66106b0bcf99f4fa
  Fabric: f233c9492b3bbc1f04e3882986740f7988a58edb
  SnapKit: 0de968a9fec17499afa29683b05d0c775b6d1c29
  TTTAttributedLabel: 8cffe8e127e4e82ff3af1e5386d4cd0ad000b656

PODFILE CHECKSUM: ad1978a1be8ec786ecf0dd13a6561d9eb06e4432

COCOAPODS: 1.5.3
