// !$*UTF8*$!
{
	archiveVersion = 1;
	classes = {
	};
	objectVersion = 46;
	objects = {

/* Begin PBXBuildFile section */
		89242E74280504C254BE86A7 /* Pods_mlbl.framework in Frameworks */ = {isa = PBXBuildFile; fileRef = BBF0BF998002FB4DA321E13E /* Pods_mlbl.framework */; };
		FC0645451D6C73FA0047FE1D /* RoundRobinRequest.swift in Sources */ = {isa = PBXBuildFile; fileRef = FC0645441D6C73FA0047FE1D /* RoundRobinRequest.swift */; };
		FC0645471D6C7C250047FE1D /* RobinTeamCell.swift in Sources */ = {isa = PBXBuildFile; fileRef = FC0645461D6C7C250047FE1D /* RobinTeamCell.swift */; };
		FC14B0AD1DABBB1D007E1D84 /* PlayerStatistics+CoreDataClass.swift in Sources */ = {isa = PBXBuildFile; fileRef = FC14B0AB1DABBB1D007E1D84 /* PlayerStatistics+CoreDataClass.swift */; };
		FC14B0AE1DABBB1D007E1D84 /* PlayerStatistics+CoreDataProperties.swift in Sources */ = {isa = PBXBuildFile; fileRef = FC14B0AC1DABBB1D007E1D84 /* PlayerStatistics+CoreDataProperties.swift */; };
		FC14B0B51DABCD74007E1D84 /* mlbl.xcdatamodeld in Sources */ = {isa = PBXBuildFile; fileRef = FC14B0B31DABCD74007E1D84 /* mlbl.xcdatamodeld */; };
		FC14B0B71DAC18B2007E1D84 /* PlayerGamesHeader.xib in Resources */ = {isa = PBXBuildFile; fileRef = FC14B0B61DAC18B2007E1D84 /* PlayerGamesHeader.xib */; };
		FC14B0B91DAC18C9007E1D84 /* PlayerGamesHeader.swift in Sources */ = {isa = PBXBuildFile; fileRef = FC14B0B81DAC18C9007E1D84 /* PlayerGamesHeader.swift */; };
		FC14B0BC1DAD1091007E1D84 /* TappableScrollView.swift in Sources */ = {isa = PBXBuildFile; fileRef = FC14B0BB1DAD1091007E1D84 /* TappableScrollView.swift */; };
		FC22D2C51D9AA6FA009C6E27 /* PlayerStatsRequest.swift in Sources */ = {isa = PBXBuildFile; fileRef = FC22D2C41D9AA6FA009C6E27 /* PlayerStatsRequest.swift */; };
		FC321FA41C81B13E00674271 /* ContainerController.swift in Sources */ = {isa = PBXBuildFile; fileRef = FC321FA31C81B13E00674271 /* ContainerController.swift */; };
		FC321FA81C82DF8D00674271 /* PlayersController.swift in Sources */ = {isa = PBXBuildFile; fileRef = FC321FA71C82DF8D00674271 /* PlayersController.swift */; };
		FC321FAC1C82F97900674271 /* EmptySegue.swift in Sources */ = {isa = PBXBuildFile; fileRef = FC321FAB1C82F97900674271 /* EmptySegue.swift */; };
		FC321FAE1C82F9A200674271 /* PlayerCell.swift in Sources */ = {isa = PBXBuildFile; fileRef = FC321FAD1C82F9A200674271 /* PlayerCell.swift */; };
		FC3336201DF5C9770082EBD7 /* SettingsCell.swift in Sources */ = {isa = PBXBuildFile; fileRef = FC33361F1DF5C9770082EBD7 /* SettingsCell.swift */; };
		FC3558D91D75C304004C5080 /* GameCell.xib in Resources */ = {isa = PBXBuildFile; fileRef = FC3558D81D75C304004C5080 /* GameCell.xib */; };
		FC3558DB1D75C4D2004C5080 /* PlayoffGamesController.swift in Sources */ = {isa = PBXBuildFile; fileRef = FC3558DA1D75C4D2004C5080 /* PlayoffGamesController.swift */; };
		FC3939541D2ED2BD00F8361E /* NetworkRequest.swift in Sources */ = {isa = PBXBuildFile; fileRef = FC3939531D2ED2BC00F8361E /* NetworkRequest.swift */; };
		FC3939581D2ED52800F8361E /* GameStatsRequest.swift in Sources */ = {isa = PBXBuildFile; fileRef = FC3939571D2ED52800F8361E /* GameStatsRequest.swift */; };
		FC39395A1D2EDFEF00F8361E /* GamesRequest.swift in Sources */ = {isa = PBXBuildFile; fileRef = FC3939591D2EDFEF00F8361E /* GamesRequest.swift */; };
		FC4624001D82A836003E9E30 /* StatisticCell.xib in Resources */ = {isa = PBXBuildFile; fileRef = FC4623FF1D82A836003E9E30 /* StatisticCell.xib */; };
		FC4624021D82A852003E9E30 /* StatisticCell.swift in Sources */ = {isa = PBXBuildFile; fileRef = FC4624011D82A852003E9E30 /* StatisticCell.swift */; };
		FC46240E1D834778003E9E30 /* TeamStatisticsHeader.swift in Sources */ = {isa = PBXBuildFile; fileRef = FC46240D1D834778003E9E30 /* TeamStatisticsHeader.swift */; };
		FC4624101D83478E003E9E30 /* TeamStatisticsHeader.xib in Resources */ = {isa = PBXBuildFile; fileRef = FC46240F1D83478E003E9E30 /* TeamStatisticsHeader.xib */; };
		FC57AC031D786C16009E67C6 /* TeamController.swift in Sources */ = {isa = PBXBuildFile; fileRef = FC57AC021D786C16009E67C6 /* TeamController.swift */; };
		FC57AC051D787093009E67C6 /* TeamMainCell.swift in Sources */ = {isa = PBXBuildFile; fileRef = FC57AC041D787093009E67C6 /* TeamMainCell.swift */; };
		FC57AC071D79661D009E67C6 /* TeamInfoRequest.swift in Sources */ = {isa = PBXBuildFile; fileRef = FC57AC061D79661D009E67C6 /* TeamInfoRequest.swift */; };
		FC57AC091D7974DB009E67C6 /* TeamRosterRequest.swift in Sources */ = {isa = PBXBuildFile; fileRef = FC57AC081D7974DB009E67C6 /* TeamRosterRequest.swift */; };
		FC57AC0C1D7980BD009E67C6 /* TeamPlayersHeader.xib in Resources */ = {isa = PBXBuildFile; fileRef = FC57AC0B1D7980BD009E67C6 /* TeamPlayersHeader.xib */; };
		FC57AC0E1D7980D7009E67C6 /* TeamPlayersHeader.swift in Sources */ = {isa = PBXBuildFile; fileRef = FC57AC0D1D7980D7009E67C6 /* TeamPlayersHeader.swift */; };
		FC57AC101D79B063009E67C6 /* TeamPlayerCell.swift in Sources */ = {isa = PBXBuildFile; fileRef = FC57AC0F1D79B063009E67C6 /* TeamPlayerCell.swift */; };
		FC637E561C945819009EE880 /* ChooseCompetitionController.swift in Sources */ = {isa = PBXBuildFile; fileRef = FC637E551C945819009EE880 /* ChooseCompetitionController.swift */; };
		FC637E5D1C946617009EE880 /* Localizable.strings in Resources */ = {isa = PBXBuildFile; fileRef = FC637E5F1C946617009EE880 /* Localizable.strings */; };
		FC637E641C94AB0B009EE880 /* FadeAnimator.swift in Sources */ = {isa = PBXBuildFile; fileRef = FC637E631C94AB0B009EE880 /* FadeAnimator.swift */; };
		FC6FC1621D3D4807004B49E1 /* PlayersRequest.swift in Sources */ = {isa = PBXBuildFile; fileRef = FC6FC1611D3D4807004B49E1 /* PlayersRequest.swift */; };
		FC705D371C80F00A00216AB8 /* AppDelegate.swift in Sources */ = {isa = PBXBuildFile; fileRef = FC705D361C80F00A00216AB8 /* AppDelegate.swift */; };
		FC705D3C1C80F00A00216AB8 /* Main.storyboard in Resources */ = {isa = PBXBuildFile; fileRef = FC705D3A1C80F00A00216AB8 /* Main.storyboard */; };
		FC705D411C80F00A00216AB8 /* Assets.xcassets in Resources */ = {isa = PBXBuildFile; fileRef = FC705D401C80F00A00216AB8 /* Assets.xcassets */; };
		FC705D441C80F00A00216AB8 /* LaunchScreen.storyboard in Resources */ = {isa = PBXBuildFile; fileRef = FC705D421C80F00A00216AB8 /* LaunchScreen.storyboard */; };
		FC705D4D1C80F8D400216AB8 /* MainController.swift in Sources */ = {isa = PBXBuildFile; fileRef = FC705D4C1C80F8D400216AB8 /* MainController.swift */; };
		FC705D4F1C80F8FC00216AB8 /* BaseController.swift in Sources */ = {isa = PBXBuildFile; fileRef = FC705D4E1C80F8FC00216AB8 /* BaseController.swift */; };
		FC74B8131C8F646F000E6CC6 /* Extensions.swift in Sources */ = {isa = PBXBuildFile; fileRef = FC74B8121C8F646F000E6CC6 /* Extensions.swift */; };
		FC74B8151C8F648E000E6CC6 /* AFImageCache.swift in Sources */ = {isa = PBXBuildFile; fileRef = FC74B8141C8F648E000E6CC6 /* AFImageCache.swift */; };
		FC74B8171C8F733A000E6CC6 /* PeriodCell.swift in Sources */ = {isa = PBXBuildFile; fileRef = FC74B8161C8F733A000E6CC6 /* PeriodCell.swift */; };
		FC7546B51D7D518100F02119 /* InfoPlist.strings in Resources */ = {isa = PBXBuildFile; fileRef = FC7546B71D7D518100F02119 /* InfoPlist.strings */; };
		FC7546BA1D7D776A00F02119 /* PlayerController.swift in Sources */ = {isa = PBXBuildFile; fileRef = FC7546B91D7D776A00F02119 /* PlayerController.swift */; };
		FC7546BC1D7D824E00F02119 /* PlayerCell.xib in Resources */ = {isa = PBXBuildFile; fileRef = FC7546BB1D7D824E00F02119 /* PlayerCell.xib */; };
		FC7546BE1D7D8B6F00F02119 /* PlayerTeamsRequest.swift in Sources */ = {isa = PBXBuildFile; fileRef = FC7546BD1D7D8B6F00F02119 /* PlayerTeamsRequest.swift */; };
		FC7546C11D7D8D5F00F02119 /* SeasonTeam+CoreDataProperties.swift in Sources */ = {isa = PBXBuildFile; fileRef = FC7546BF1D7D8D5F00F02119 /* SeasonTeam+CoreDataProperties.swift */; };
		FC7546C21D7D8D5F00F02119 /* SeasonTeam.swift in Sources */ = {isa = PBXBuildFile; fileRef = FC7546C01D7D8D5F00F02119 /* SeasonTeam.swift */; };
		FC7546C41D7D943700F02119 /* PlayerTeamsHeader.xib in Resources */ = {isa = PBXBuildFile; fileRef = FC7546C31D7D943700F02119 /* PlayerTeamsHeader.xib */; };
		FC7546C61D7D945100F02119 /* PlayerTeamsHeader.swift in Sources */ = {isa = PBXBuildFile; fileRef = FC7546C51D7D945100F02119 /* PlayerTeamsHeader.swift */; };
		FC7546C81D7D9B6900F02119 /* PlayerTeamCell.swift in Sources */ = {isa = PBXBuildFile; fileRef = FC7546C71D7D9B6900F02119 /* PlayerTeamCell.swift */; };
		FC7546CA1D7DA4D600F02119 /* PlayerGamesCell.swift in Sources */ = {isa = PBXBuildFile; fileRef = FC7546C91D7DA4D600F02119 /* PlayerGamesCell.swift */; };
		FC77C0A01D64C78800A12D1E /* BestPlayersRequest.swift in Sources */ = {isa = PBXBuildFile; fileRef = FC77C09F1D64C78800A12D1E /* BestPlayersRequest.swift */; };
		FC77C0A31D64E8CC00A12D1E /* PlayerRank+CoreDataProperties.swift in Sources */ = {isa = PBXBuildFile; fileRef = FC77C0A11D64E8CC00A12D1E /* PlayerRank+CoreDataProperties.swift */; };
		FC77C0A41D64E8CC00A12D1E /* PlayerRank.swift in Sources */ = {isa = PBXBuildFile; fileRef = FC77C0A21D64E8CC00A12D1E /* PlayerRank.swift */; };
		FC78EDCA1D7C0F900008ED6E /* TeamStatsRequest.swift in Sources */ = {isa = PBXBuildFile; fileRef = FC78EDC91D7C0F900008ED6E /* TeamStatsRequest.swift */; };
		FC78EDD61D7C56C10008ED6E /* GameStatistics+CoreDataProperties.swift in Sources */ = {isa = PBXBuildFile; fileRef = FC78EDD31D7C56C10008ED6E /* GameStatistics+CoreDataProperties.swift */; };
		FC78EDD71D7C56C10008ED6E /* TeamStatistics+CoreDataProperties.swift in Sources */ = {isa = PBXBuildFile; fileRef = FC78EDD41D7C56C10008ED6E /* TeamStatistics+CoreDataProperties.swift */; };
		FC78EDD81D7C56C10008ED6E /* TeamStatistics.swift in Sources */ = {isa = PBXBuildFile; fileRef = FC78EDD51D7C56C10008ED6E /* TeamStatistics.swift */; };
		FC8F7A151D3CF2A50056C4D4 /* TableController.swift in Sources */ = {isa = PBXBuildFile; fileRef = FC8F7A141D3CF2A50056C4D4 /* TableController.swift */; };
		FC8F7A171D3CF33E0056C4D4 /* StatisticsController.swift in Sources */ = {isa = PBXBuildFile; fileRef = FC8F7A161D3CF33E0056C4D4 /* StatisticsController.swift */; };
		FC97930D1C8B5D9C00D4D5D9 /* GamesController.swift in Sources */ = {isa = PBXBuildFile; fileRef = FC97930C1C8B5D9C00D4D5D9 /* GamesController.swift */; };
		FC9793191C8B6ADB00D4D5D9 /* Team.swift in Sources */ = {isa = PBXBuildFile; fileRef = FC9793131C8B6ADB00D4D5D9 /* Team.swift */; };
		FC97931B1C8B6ADB00D4D5D9 /* Game.swift in Sources */ = {isa = PBXBuildFile; fileRef = FC9793151C8B6ADB00D4D5D9 /* Game.swift */; };
		FC97931D1C8B6ADB00D4D5D9 /* Player.swift in Sources */ = {isa = PBXBuildFile; fileRef = FC9793171C8B6ADB00D4D5D9 /* Player.swift */; };
		FC97931F1C8B6AFB00D4D5D9 /* GameCell.swift in Sources */ = {isa = PBXBuildFile; fileRef = FC97931E1C8B6AFB00D4D5D9 /* GameCell.swift */; };
		FC9793231C8B729100D4D5D9 /* DataController.swift in Sources */ = {isa = PBXBuildFile; fileRef = FC9793221C8B729100D4D5D9 /* DataController.swift */; };
		FC9793261C8D8AEA00D4D5D9 /* GameController.swift in Sources */ = {isa = PBXBuildFile; fileRef = FC9793251C8D8AEA00D4D5D9 /* GameController.swift */; };
		FC9837B91D701E3900534AB1 /* TeamRoundRank+CoreDataProperties.swift in Sources */ = {isa = PBXBuildFile; fileRef = FC9837B71D701E3900534AB1 /* TeamRoundRank+CoreDataProperties.swift */; };
		FC9837BA1D701E3900534AB1 /* TeamRoundRank.swift in Sources */ = {isa = PBXBuildFile; fileRef = FC9837B81D701E3900534AB1 /* TeamRoundRank.swift */; };
		FC9837BC1D7069FD00534AB1 /* PlayoffRequest.swift in Sources */ = {isa = PBXBuildFile; fileRef = FC9837BB1D7069FD00534AB1 /* PlayoffRequest.swift */; };
		FC9837BE1D7079E300534AB1 /* PlayoffCell.swift in Sources */ = {isa = PBXBuildFile; fileRef = FC9837BD1D7079E300534AB1 /* PlayoffCell.swift */; };
		FC9837C11D7089AA00534AB1 /* PlayoffSerie+CoreDataProperties.swift in Sources */ = {isa = PBXBuildFile; fileRef = FC9837BF1D7089AA00534AB1 /* PlayoffSerie+CoreDataProperties.swift */; };
		FC9837C21D7089AA00534AB1 /* PlayoffSerie.swift in Sources */ = {isa = PBXBuildFile; fileRef = FC9837C01D7089AA00534AB1 /* PlayoffSerie.swift */; };
		FCA661881E07C4A800D3EF6F /* OnlineStatusRequest.swift in Sources */ = {isa = PBXBuildFile; fileRef = FCA661871E07C4A800D3EF6F /* OnlineStatusRequest.swift */; };
		FCA941411D48D82600D95A7A /* Game+CoreDataProperties.swift in Sources */ = {isa = PBXBuildFile; fileRef = FCA9413C1D48D82600D95A7A /* Game+CoreDataProperties.swift */; };
		FCA941421D48D82600D95A7A /* Team+CoreDataProperties.swift in Sources */ = {isa = PBXBuildFile; fileRef = FCA9413D1D48D82600D95A7A /* Team+CoreDataProperties.swift */; };
		FCA941431D48D82600D95A7A /* Player+CoreDataProperties.swift in Sources */ = {isa = PBXBuildFile; fileRef = FCA9413E1D48D82600D95A7A /* Player+CoreDataProperties.swift */; };
		FCA941451D48D82600D95A7A /* GameStatistics.swift in Sources */ = {isa = PBXBuildFile; fileRef = FCA941401D48D82600D95A7A /* GameStatistics.swift */; };
		FCD2D59A1D7A223B00C436E9 /* TeamGameCell.swift in Sources */ = {isa = PBXBuildFile; fileRef = FCD2D5991D7A223B00C436E9 /* TeamGameCell.swift */; };
		FCD2D59C1D7A281D00C436E9 /* TeamGamesHeader.swift in Sources */ = {isa = PBXBuildFile; fileRef = FCD2D59B1D7A281D00C436E9 /* TeamGamesHeader.swift */; };
		FCD2D59E1D7A282B00C436E9 /* TeamGamesHeader.xib in Resources */ = {isa = PBXBuildFile; fileRef = FCD2D59D1D7A282B00C436E9 /* TeamGamesHeader.xib */; };
		FCD2D5A01D7A2B2800C436E9 /* TeamGamesRequest.swift in Sources */ = {isa = PBXBuildFile; fileRef = FCD2D59F1D7A2B2800C436E9 /* TeamGamesRequest.swift */; };
		FCD76E121D3F3EC5002BB24A /* CompetitionsRequest.swift in Sources */ = {isa = PBXBuildFile; fileRef = FCD76E111D3F3EC5002BB24A /* CompetitionsRequest.swift */; };
		FCD76E151D3F4172002BB24A /* Competition+CoreDataProperties.swift in Sources */ = {isa = PBXBuildFile; fileRef = FCD76E131D3F4172002BB24A /* Competition+CoreDataProperties.swift */; };
		FCD76E161D3F4172002BB24A /* Competition.swift in Sources */ = {isa = PBXBuildFile; fileRef = FCD76E141D3F4172002BB24A /* Competition.swift */; };
		FCDB3E8E1D54975D00FE3D62 /* UIBarButtonItem+UIViewAppearance_Swift.m in Sources */ = {isa = PBXBuildFile; fileRef = FCDB3E8D1D54975D00FE3D62 /* UIBarButtonItem+UIViewAppearance_Swift.m */; };
		FCE18BAE1C8DF8120077A51A /* GameScoreCell.swift in Sources */ = {isa = PBXBuildFile; fileRef = FCE18BAD1C8DF8120077A51A /* GameScoreCell.swift */; };
		FCEEA91F1D5B514500686DD6 /* StatParametersRequest.swift in Sources */ = {isa = PBXBuildFile; fileRef = FCEEA91E1D5B514500686DD6 /* StatParametersRequest.swift */; };
		FCEEA9221D5B54F400686DD6 /* StatParameter+CoreDataProperties.swift in Sources */ = {isa = PBXBuildFile; fileRef = FCEEA9201D5B54F400686DD6 /* StatParameter+CoreDataProperties.swift */; };
		FCEEA9231D5B54F400686DD6 /* StatParameter.swift in Sources */ = {isa = PBXBuildFile; fileRef = FCEEA9211D5B54F400686DD6 /* StatParameter.swift */; };
		FCEEA9251D5BB26E00686DD6 /* PlayerStatCell.swift in Sources */ = {isa = PBXBuildFile; fileRef = FCEEA9241D5BB26E00686DD6 /* PlayerStatCell.swift */; };
		FCEEA9271D5BBCB800686DD6 /* ParameterCell.swift in Sources */ = {isa = PBXBuildFile; fileRef = FCEEA9261D5BBCB800686DD6 /* ParameterCell.swift */; };
		FCFD97F71DEC5CD900BBD360 /* SettingsController.swift in Sources */ = {isa = PBXBuildFile; fileRef = FCFD97F61DEC5CD900BBD360 /* SettingsController.swift */; };
		FCFD97F91DEC5CEA00BBD360 /* Settings.storyboard in Resources */ = {isa = PBXBuildFile; fileRef = FCFD97F81DEC5CEA00BBD360 /* Settings.storyboard */; };
		FCFF819B1FE9ADDD0038E768 /* DefaultsController.swift in Sources */ = {isa = PBXBuildFile; fileRef = FCFF819A1FE9ADDD0038E768 /* DefaultsController.swift */; };
		FCFF819D1FE9AEA30038E768 /* PushesController.swift in Sources */ = {isa = PBXBuildFile; fileRef = FCFF819C1FE9AEA30038E768 /* PushesController.swift */; };
		FCFF819F1FE9AFF70038E768 /* SendTokenRequest.swift in Sources */ = {isa = PBXBuildFile; fileRef = FCFF819E1FE9AFF70038E768 /* SendTokenRequest.swift */; };
/* End PBXBuildFile section */

/* Begin PBXFileReference section */
		78ACB04B86F9AEF1DC78789F /* Pods-mlbl.debug.xcconfig */ = {isa = PBXFileReference; includeInIndex = 1; lastKnownFileType = text.xcconfig; name = "Pods-mlbl.debug.xcconfig"; path = "Pods/Target Support Files/Pods-mlbl/Pods-mlbl.debug.xcconfig"; sourceTree = "<group>"; };
		BBF0BF998002FB4DA321E13E /* Pods_mlbl.framework */ = {isa = PBXFileReference; explicitFileType = wrapper.framework; includeInIndex = 0; path = Pods_mlbl.framework; sourceTree = BUILT_PRODUCTS_DIR; };
		EF75FE81432D237347A9693D /* Pods-mlbl.release.xcconfig */ = {isa = PBXFileReference; includeInIndex = 1; lastKnownFileType = text.xcconfig; name = "Pods-mlbl.release.xcconfig"; path = "Pods/Target Support Files/Pods-mlbl/Pods-mlbl.release.xcconfig"; sourceTree = "<group>"; };
		F6CA67808BC7A749E6A768D7 /* Pods.framework */ = {isa = PBXFileReference; explicitFileType = wrapper.framework; includeInIndex = 0; path = Pods.framework; sourceTree = BUILT_PRODUCTS_DIR; };
		FC0645441D6C73FA0047FE1D /* RoundRobinRequest.swift */ = {isa = PBXFileReference; fileEncoding = 4; lastKnownFileType = sourcecode.swift; path = RoundRobinRequest.swift; sourceTree = "<group>"; };
		FC0645461D6C7C250047FE1D /* RobinTeamCell.swift */ = {isa = PBXFileReference; fileEncoding = 4; lastKnownFileType = sourcecode.swift; path = RobinTeamCell.swift; sourceTree = "<group>"; };
		FC14B0AB1DABBB1D007E1D84 /* PlayerStatistics+CoreDataClass.swift */ = {isa = PBXFileReference; fileEncoding = 4; lastKnownFileType = sourcecode.swift; path = "PlayerStatistics+CoreDataClass.swift"; sourceTree = "<group>"; };
		FC14B0AC1DABBB1D007E1D84 /* PlayerStatistics+CoreDataProperties.swift */ = {isa = PBXFileReference; fileEncoding = 4; lastKnownFileType = sourcecode.swift; path = "PlayerStatistics+CoreDataProperties.swift"; sourceTree = "<group>"; };
		FC14B0B41DABCD74007E1D84 /* mlbl.xcdatamodel */ = {isa = PBXFileReference; lastKnownFileType = wrapper.xcdatamodel; path = mlbl.xcdatamodel; sourceTree = "<group>"; };
		FC14B0B61DAC18B2007E1D84 /* PlayerGamesHeader.xib */ = {isa = PBXFileReference; fileEncoding = 4; lastKnownFileType = file.xib; path = PlayerGamesHeader.xib; sourceTree = "<group>"; };
		FC14B0B81DAC18C9007E1D84 /* PlayerGamesHeader.swift */ = {isa = PBXFileReference; fileEncoding = 4; lastKnownFileType = sourcecode.swift; path = PlayerGamesHeader.swift; sourceTree = "<group>"; };
		FC14B0BA1DACCB5E007E1D84 /* mlbl 2.xcdatamodel */ = {isa = PBXFileReference; lastKnownFileType = wrapper.xcdatamodel; path = "mlbl 2.xcdatamodel"; sourceTree = "<group>"; };
		FC14B0BB1DAD1091007E1D84 /* TappableScrollView.swift */ = {isa = PBXFileReference; fileEncoding = 4; lastKnownFileType = sourcecode.swift; path = TappableScrollView.swift; sourceTree = "<group>"; };
		FC22D2C41D9AA6FA009C6E27 /* PlayerStatsRequest.swift */ = {isa = PBXFileReference; fileEncoding = 4; lastKnownFileType = sourcecode.swift; path = PlayerStatsRequest.swift; sourceTree = "<group>"; };
		FC321FA31C81B13E00674271 /* ContainerController.swift */ = {isa = PBXFileReference; fileEncoding = 4; lastKnownFileType = sourcecode.swift; path = ContainerController.swift; sourceTree = "<group>"; };
		FC321FA71C82DF8D00674271 /* PlayersController.swift */ = {isa = PBXFileReference; fileEncoding = 4; lastKnownFileType = sourcecode.swift; path = PlayersController.swift; sourceTree = "<group>"; };
		FC321FAB1C82F97900674271 /* EmptySegue.swift */ = {isa = PBXFileReference; fileEncoding = 4; lastKnownFileType = sourcecode.swift; path = EmptySegue.swift; sourceTree = "<group>"; };
		FC321FAD1C82F9A200674271 /* PlayerCell.swift */ = {isa = PBXFileReference; fileEncoding = 4; lastKnownFileType = sourcecode.swift; path = PlayerCell.swift; sourceTree = "<group>"; };
		FC33361F1DF5C9770082EBD7 /* SettingsCell.swift */ = {isa = PBXFileReference; fileEncoding = 4; lastKnownFileType = sourcecode.swift; path = SettingsCell.swift; sourceTree = "<group>"; };
		FC3558D81D75C304004C5080 /* GameCell.xib */ = {isa = PBXFileReference; fileEncoding = 4; lastKnownFileType = file.xib; path = GameCell.xib; sourceTree = "<group>"; };
		FC3558DA1D75C4D2004C5080 /* PlayoffGamesController.swift */ = {isa = PBXFileReference; fileEncoding = 4; lastKnownFileType = sourcecode.swift; path = PlayoffGamesController.swift; sourceTree = "<group>"; };
		FC3939531D2ED2BC00F8361E /* NetworkRequest.swift */ = {isa = PBXFileReference; fileEncoding = 4; lastKnownFileType = sourcecode.swift; path = NetworkRequest.swift; sourceTree = "<group>"; };
		FC3939571D2ED52800F8361E /* GameStatsRequest.swift */ = {isa = PBXFileReference; fileEncoding = 4; lastKnownFileType = sourcecode.swift; path = GameStatsRequest.swift; sourceTree = "<group>"; };
		FC3939591D2EDFEF00F8361E /* GamesRequest.swift */ = {isa = PBXFileReference; fileEncoding = 4; lastKnownFileType = sourcecode.swift; path = GamesRequest.swift; sourceTree = "<group>"; };
		FC4623FF1D82A836003E9E30 /* StatisticCell.xib */ = {isa = PBXFileReference; fileEncoding = 4; lastKnownFileType = file.xib; path = StatisticCell.xib; sourceTree = "<group>"; };
		FC4624011D82A852003E9E30 /* StatisticCell.swift */ = {isa = PBXFileReference; fileEncoding = 4; lastKnownFileType = sourcecode.swift; path = StatisticCell.swift; sourceTree = "<group>"; };
		FC46240D1D834778003E9E30 /* TeamStatisticsHeader.swift */ = {isa = PBXFileReference; fileEncoding = 4; lastKnownFileType = sourcecode.swift; path = TeamStatisticsHeader.swift; sourceTree = "<group>"; };
		FC46240F1D83478E003E9E30 /* TeamStatisticsHeader.xib */ = {isa = PBXFileReference; fileEncoding = 4; lastKnownFileType = file.xib; path = TeamStatisticsHeader.xib; sourceTree = "<group>"; };
		FC57AC021D786C16009E67C6 /* TeamController.swift */ = {isa = PBXFileReference; fileEncoding = 4; lastKnownFileType = sourcecode.swift; path = TeamController.swift; sourceTree = "<group>"; };
		FC57AC041D787093009E67C6 /* TeamMainCell.swift */ = {isa = PBXFileReference; fileEncoding = 4; lastKnownFileType = sourcecode.swift; path = TeamMainCell.swift; sourceTree = "<group>"; };
		FC57AC061D79661D009E67C6 /* TeamInfoRequest.swift */ = {isa = PBXFileReference; fileEncoding = 4; lastKnownFileType = sourcecode.swift; path = TeamInfoRequest.swift; sourceTree = "<group>"; };
		FC57AC081D7974DB009E67C6 /* TeamRosterRequest.swift */ = {isa = PBXFileReference; fileEncoding = 4; lastKnownFileType = sourcecode.swift; path = TeamRosterRequest.swift; sourceTree = "<group>"; };
		FC57AC0B1D7980BD009E67C6 /* TeamPlayersHeader.xib */ = {isa = PBXFileReference; fileEncoding = 4; lastKnownFileType = file.xib; path = TeamPlayersHeader.xib; sourceTree = "<group>"; };
		FC57AC0D1D7980D7009E67C6 /* TeamPlayersHeader.swift */ = {isa = PBXFileReference; fileEncoding = 4; lastKnownFileType = sourcecode.swift; path = TeamPlayersHeader.swift; sourceTree = "<group>"; };
		FC57AC0F1D79B063009E67C6 /* TeamPlayerCell.swift */ = {isa = PBXFileReference; fileEncoding = 4; lastKnownFileType = sourcecode.swift; path = TeamPlayerCell.swift; sourceTree = "<group>"; };
		FC637E551C945819009EE880 /* ChooseCompetitionController.swift */ = {isa = PBXFileReference; fileEncoding = 4; lastKnownFileType = sourcecode.swift; path = ChooseCompetitionController.swift; sourceTree = "<group>"; };
		FC637E5E1C946617009EE880 /* en */ = {isa = PBXFileReference; lastKnownFileType = text.plist.strings; name = en; path = en.lproj/Localizable.strings; sourceTree = "<group>"; };
		FC637E601C946626009EE880 /* ru */ = {isa = PBXFileReference; lastKnownFileType = text.plist.strings; name = ru; path = ru.lproj/Localizable.strings; sourceTree = "<group>"; };
		FC637E631C94AB0B009EE880 /* FadeAnimator.swift */ = {isa = PBXFileReference; fileEncoding = 4; lastKnownFileType = sourcecode.swift; path = FadeAnimator.swift; sourceTree = "<group>"; };
		FC6FC1611D3D4807004B49E1 /* PlayersRequest.swift */ = {isa = PBXFileReference; fileEncoding = 4; lastKnownFileType = sourcecode.swift; path = PlayersRequest.swift; sourceTree = "<group>"; };
		FC705D331C80F00A00216AB8 /* mlbl.app */ = {isa = PBXFileReference; explicitFileType = wrapper.application; includeInIndex = 0; path = mlbl.app; sourceTree = BUILT_PRODUCTS_DIR; };
		FC705D361C80F00A00216AB8 /* AppDelegate.swift */ = {isa = PBXFileReference; lastKnownFileType = sourcecode.swift; path = AppDelegate.swift; sourceTree = "<group>"; };
		FC705D3B1C80F00A00216AB8 /* Base */ = {isa = PBXFileReference; lastKnownFileType = file.storyboard; name = Base; path = Base.lproj/Main.storyboard; sourceTree = "<group>"; };
		FC705D401C80F00A00216AB8 /* Assets.xcassets */ = {isa = PBXFileReference; lastKnownFileType = folder.assetcatalog; path = Assets.xcassets; sourceTree = "<group>"; };
		FC705D431C80F00A00216AB8 /* Base */ = {isa = PBXFileReference; lastKnownFileType = file.storyboard; name = Base; path = Base.lproj/LaunchScreen.storyboard; sourceTree = "<group>"; };
		FC705D451C80F00A00216AB8 /* Info.plist */ = {isa = PBXFileReference; lastKnownFileType = text.plist.xml; path = Info.plist; sourceTree = "<group>"; };
		FC705D4C1C80F8D400216AB8 /* MainController.swift */ = {isa = PBXFileReference; fileEncoding = 4; lastKnownFileType = sourcecode.swift; path = MainController.swift; sourceTree = "<group>"; };
		FC705D4E1C80F8FC00216AB8 /* BaseController.swift */ = {isa = PBXFileReference; fileEncoding = 4; lastKnownFileType = sourcecode.swift; path = BaseController.swift; sourceTree = "<group>"; };
		FC74B8121C8F646F000E6CC6 /* Extensions.swift */ = {isa = PBXFileReference; fileEncoding = 4; lastKnownFileType = sourcecode.swift; path = Extensions.swift; sourceTree = "<group>"; };
		FC74B8141C8F648E000E6CC6 /* AFImageCache.swift */ = {isa = PBXFileReference; fileEncoding = 4; lastKnownFileType = sourcecode.swift; path = AFImageCache.swift; sourceTree = "<group>"; };
		FC74B8161C8F733A000E6CC6 /* PeriodCell.swift */ = {isa = PBXFileReference; fileEncoding = 4; lastKnownFileType = sourcecode.swift; path = PeriodCell.swift; sourceTree = "<group>"; };
		FC7546B61D7D518100F02119 /* ru */ = {isa = PBXFileReference; lastKnownFileType = text.plist.strings; name = ru; path = ru.lproj/InfoPlist.strings; sourceTree = "<group>"; };
		FC7546B81D7D518300F02119 /* en */ = {isa = PBXFileReference; lastKnownFileType = text.plist.strings; name = en; path = en.lproj/InfoPlist.strings; sourceTree = "<group>"; };
		FC7546B91D7D776A00F02119 /* PlayerController.swift */ = {isa = PBXFileReference; fileEncoding = 4; lastKnownFileType = sourcecode.swift; path = PlayerController.swift; sourceTree = "<group>"; };
		FC7546BB1D7D824E00F02119 /* PlayerCell.xib */ = {isa = PBXFileReference; fileEncoding = 4; lastKnownFileType = file.xib; path = PlayerCell.xib; sourceTree = "<group>"; };
		FC7546BD1D7D8B6F00F02119 /* PlayerTeamsRequest.swift */ = {isa = PBXFileReference; fileEncoding = 4; lastKnownFileType = sourcecode.swift; path = PlayerTeamsRequest.swift; sourceTree = "<group>"; };
		FC7546BF1D7D8D5F00F02119 /* SeasonTeam+CoreDataProperties.swift */ = {isa = PBXFileReference; fileEncoding = 4; lastKnownFileType = sourcecode.swift; path = "SeasonTeam+CoreDataProperties.swift"; sourceTree = "<group>"; };
		FC7546C01D7D8D5F00F02119 /* SeasonTeam.swift */ = {isa = PBXFileReference; fileEncoding = 4; lastKnownFileType = sourcecode.swift; path = SeasonTeam.swift; sourceTree = "<group>"; };
		FC7546C31D7D943700F02119 /* PlayerTeamsHeader.xib */ = {isa = PBXFileReference; fileEncoding = 4; lastKnownFileType = file.xib; path = PlayerTeamsHeader.xib; sourceTree = "<group>"; };
		FC7546C51D7D945100F02119 /* PlayerTeamsHeader.swift */ = {isa = PBXFileReference; fileEncoding = 4; lastKnownFileType = sourcecode.swift; path = PlayerTeamsHeader.swift; sourceTree = "<group>"; };
		FC7546C71D7D9B6900F02119 /* PlayerTeamCell.swift */ = {isa = PBXFileReference; fileEncoding = 4; lastKnownFileType = sourcecode.swift; path = PlayerTeamCell.swift; sourceTree = "<group>"; };
		FC7546C91D7DA4D600F02119 /* PlayerGamesCell.swift */ = {isa = PBXFileReference; fileEncoding = 4; lastKnownFileType = sourcecode.swift; path = PlayerGamesCell.swift; sourceTree = "<group>"; };
		FC77C09F1D64C78800A12D1E /* BestPlayersRequest.swift */ = {isa = PBXFileReference; fileEncoding = 4; lastKnownFileType = sourcecode.swift; path = BestPlayersRequest.swift; sourceTree = "<group>"; };
		FC77C0A11D64E8CC00A12D1E /* PlayerRank+CoreDataProperties.swift */ = {isa = PBXFileReference; fileEncoding = 4; lastKnownFileType = sourcecode.swift; path = "PlayerRank+CoreDataProperties.swift"; sourceTree = "<group>"; };
		FC77C0A21D64E8CC00A12D1E /* PlayerRank.swift */ = {isa = PBXFileReference; fileEncoding = 4; lastKnownFileType = sourcecode.swift; path = PlayerRank.swift; sourceTree = "<group>"; };
		FC78EDC91D7C0F900008ED6E /* TeamStatsRequest.swift */ = {isa = PBXFileReference; fileEncoding = 4; lastKnownFileType = sourcecode.swift; path = TeamStatsRequest.swift; sourceTree = "<group>"; };
		FC78EDD31D7C56C10008ED6E /* GameStatistics+CoreDataProperties.swift */ = {isa = PBXFileReference; fileEncoding = 4; lastKnownFileType = sourcecode.swift; path = "GameStatistics+CoreDataProperties.swift"; sourceTree = "<group>"; };
		FC78EDD41D7C56C10008ED6E /* TeamStatistics+CoreDataProperties.swift */ = {isa = PBXFileReference; fileEncoding = 4; lastKnownFileType = sourcecode.swift; path = "TeamStatistics+CoreDataProperties.swift"; sourceTree = "<group>"; };
		FC78EDD51D7C56C10008ED6E /* TeamStatistics.swift */ = {isa = PBXFileReference; fileEncoding = 4; lastKnownFileType = sourcecode.swift; path = TeamStatistics.swift; sourceTree = "<group>"; };
		FC8F7A141D3CF2A50056C4D4 /* TableController.swift */ = {isa = PBXFileReference; fileEncoding = 4; lastKnownFileType = sourcecode.swift; path = TableController.swift; sourceTree = "<group>"; };
		FC8F7A161D3CF33E0056C4D4 /* StatisticsController.swift */ = {isa = PBXFileReference; fileEncoding = 4; lastKnownFileType = sourcecode.swift; path = StatisticsController.swift; sourceTree = "<group>"; };
		FC97930C1C8B5D9C00D4D5D9 /* GamesController.swift */ = {isa = PBXFileReference; fileEncoding = 4; lastKnownFileType = sourcecode.swift; path = GamesController.swift; sourceTree = "<group>"; };
		FC9793131C8B6ADB00D4D5D9 /* Team.swift */ = {isa = PBXFileReference; fileEncoding = 4; lastKnownFileType = sourcecode.swift; path = Team.swift; sourceTree = "<group>"; };
		FC9793151C8B6ADB00D4D5D9 /* Game.swift */ = {isa = PBXFileReference; fileEncoding = 4; lastKnownFileType = sourcecode.swift; path = Game.swift; sourceTree = "<group>"; };
		FC9793171C8B6ADB00D4D5D9 /* Player.swift */ = {isa = PBXFileReference; fileEncoding = 4; lastKnownFileType = sourcecode.swift; path = Player.swift; sourceTree = "<group>"; };
		FC97931E1C8B6AFB00D4D5D9 /* GameCell.swift */ = {isa = PBXFileReference; fileEncoding = 4; lastKnownFileType = sourcecode.swift; path = GameCell.swift; sourceTree = "<group>"; };
		FC9793221C8B729100D4D5D9 /* DataController.swift */ = {isa = PBXFileReference; fileEncoding = 4; lastKnownFileType = sourcecode.swift; path = DataController.swift; sourceTree = "<group>"; };
		FC9793251C8D8AEA00D4D5D9 /* GameController.swift */ = {isa = PBXFileReference; fileEncoding = 4; lastKnownFileType = sourcecode.swift; path = GameController.swift; sourceTree = "<group>"; };
		FC9837B71D701E3900534AB1 /* TeamRoundRank+CoreDataProperties.swift */ = {isa = PBXFileReference; fileEncoding = 4; lastKnownFileType = sourcecode.swift; path = "TeamRoundRank+CoreDataProperties.swift"; sourceTree = "<group>"; };
		FC9837B81D701E3900534AB1 /* TeamRoundRank.swift */ = {isa = PBXFileReference; fileEncoding = 4; lastKnownFileType = sourcecode.swift; path = TeamRoundRank.swift; sourceTree = "<group>"; };
		FC9837BB1D7069FD00534AB1 /* PlayoffRequest.swift */ = {isa = PBXFileReference; fileEncoding = 4; lastKnownFileType = sourcecode.swift; path = PlayoffRequest.swift; sourceTree = "<group>"; };
		FC9837BD1D7079E300534AB1 /* PlayoffCell.swift */ = {isa = PBXFileReference; fileEncoding = 4; lastKnownFileType = sourcecode.swift; path = PlayoffCell.swift; sourceTree = "<group>"; };
		FC9837BF1D7089AA00534AB1 /* PlayoffSerie+CoreDataProperties.swift */ = {isa = PBXFileReference; fileEncoding = 4; lastKnownFileType = sourcecode.swift; path = "PlayoffSerie+CoreDataProperties.swift"; sourceTree = "<group>"; };
		FC9837C01D7089AA00534AB1 /* PlayoffSerie.swift */ = {isa = PBXFileReference; fileEncoding = 4; lastKnownFileType = sourcecode.swift; path = PlayoffSerie.swift; sourceTree = "<group>"; };
		FCA661871E07C4A800D3EF6F /* OnlineStatusRequest.swift */ = {isa = PBXFileReference; fileEncoding = 4; lastKnownFileType = sourcecode.swift; path = OnlineStatusRequest.swift; sourceTree = "<group>"; };
		FCA9413C1D48D82600D95A7A /* Game+CoreDataProperties.swift */ = {isa = PBXFileReference; fileEncoding = 4; lastKnownFileType = sourcecode.swift; path = "Game+CoreDataProperties.swift"; sourceTree = "<group>"; };
		FCA9413D1D48D82600D95A7A /* Team+CoreDataProperties.swift */ = {isa = PBXFileReference; fileEncoding = 4; lastKnownFileType = sourcecode.swift; path = "Team+CoreDataProperties.swift"; sourceTree = "<group>"; };
		FCA9413E1D48D82600D95A7A /* Player+CoreDataProperties.swift */ = {isa = PBXFileReference; fileEncoding = 4; lastKnownFileType = sourcecode.swift; path = "Player+CoreDataProperties.swift"; sourceTree = "<group>"; };
		FCA941401D48D82600D95A7A /* GameStatistics.swift */ = {isa = PBXFileReference; fileEncoding = 4; lastKnownFileType = sourcecode.swift; path = GameStatistics.swift; sourceTree = "<group>"; };
		FCD2D5991D7A223B00C436E9 /* TeamGameCell.swift */ = {isa = PBXFileReference; fileEncoding = 4; lastKnownFileType = sourcecode.swift; path = TeamGameCell.swift; sourceTree = "<group>"; };
		FCD2D59B1D7A281D00C436E9 /* TeamGamesHeader.swift */ = {isa = PBXFileReference; fileEncoding = 4; lastKnownFileType = sourcecode.swift; path = TeamGamesHeader.swift; sourceTree = "<group>"; };
		FCD2D59D1D7A282B00C436E9 /* TeamGamesHeader.xib */ = {isa = PBXFileReference; fileEncoding = 4; lastKnownFileType = file.xib; path = TeamGamesHeader.xib; sourceTree = "<group>"; };
		FCD2D59F1D7A2B2800C436E9 /* TeamGamesRequest.swift */ = {isa = PBXFileReference; fileEncoding = 4; lastKnownFileType = sourcecode.swift; path = TeamGamesRequest.swift; sourceTree = "<group>"; };
		FCD76E111D3F3EC5002BB24A /* CompetitionsRequest.swift */ = {isa = PBXFileReference; fileEncoding = 4; lastKnownFileType = sourcecode.swift; path = CompetitionsRequest.swift; sourceTree = "<group>"; };
		FCD76E131D3F4172002BB24A /* Competition+CoreDataProperties.swift */ = {isa = PBXFileReference; fileEncoding = 4; lastKnownFileType = sourcecode.swift; path = "Competition+CoreDataProperties.swift"; sourceTree = "<group>"; };
		FCD76E141D3F4172002BB24A /* Competition.swift */ = {isa = PBXFileReference; fileEncoding = 4; lastKnownFileType = sourcecode.swift; path = Competition.swift; sourceTree = "<group>"; };
		FCDB3E8B1D54975C00FE3D62 /* mlbl-Bridging-Header.h */ = {isa = PBXFileReference; lastKnownFileType = sourcecode.c.h; path = "mlbl-Bridging-Header.h"; sourceTree = "<group>"; };
		FCDB3E8C1D54975D00FE3D62 /* UIBarButtonItem+UIViewAppearance_Swift.h */ = {isa = PBXFileReference; fileEncoding = 4; lastKnownFileType = sourcecode.c.h; path = "UIBarButtonItem+UIViewAppearance_Swift.h"; sourceTree = "<group>"; };
		FCDB3E8D1D54975D00FE3D62 /* UIBarButtonItem+UIViewAppearance_Swift.m */ = {isa = PBXFileReference; fileEncoding = 4; lastKnownFileType = sourcecode.c.objc; path = "UIBarButtonItem+UIViewAppearance_Swift.m"; sourceTree = "<group>"; };
		FCE18BAD1C8DF8120077A51A /* GameScoreCell.swift */ = {isa = PBXFileReference; fileEncoding = 4; lastKnownFileType = sourcecode.swift; path = GameScoreCell.swift; sourceTree = "<group>"; };
		FCEEA91E1D5B514500686DD6 /* StatParametersRequest.swift */ = {isa = PBXFileReference; fileEncoding = 4; lastKnownFileType = sourcecode.swift; path = StatParametersRequest.swift; sourceTree = "<group>"; };
		FCEEA9201D5B54F400686DD6 /* StatParameter+CoreDataProperties.swift */ = {isa = PBXFileReference; fileEncoding = 4; lastKnownFileType = sourcecode.swift; path = "StatParameter+CoreDataProperties.swift"; sourceTree = "<group>"; };
		FCEEA9211D5B54F400686DD6 /* StatParameter.swift */ = {isa = PBXFileReference; fileEncoding = 4; lastKnownFileType = sourcecode.swift; path = StatParameter.swift; sourceTree = "<group>"; };
		FCEEA9241D5BB26E00686DD6 /* PlayerStatCell.swift */ = {isa = PBXFileReference; fileEncoding = 4; lastKnownFileType = sourcecode.swift; path = PlayerStatCell.swift; sourceTree = "<group>"; };
		FCEEA9261D5BBCB800686DD6 /* ParameterCell.swift */ = {isa = PBXFileReference; fileEncoding = 4; lastKnownFileType = sourcecode.swift; path = ParameterCell.swift; sourceTree = "<group>"; };
		FCFD97F61DEC5CD900BBD360 /* SettingsController.swift */ = {isa = PBXFileReference; fileEncoding = 4; lastKnownFileType = sourcecode.swift; path = SettingsController.swift; sourceTree = "<group>"; };
		FCFD97F81DEC5CEA00BBD360 /* Settings.storyboard */ = {isa = PBXFileReference; fileEncoding = 4; lastKnownFileType = file.storyboard; path = Settings.storyboard; sourceTree = "<group>"; };
		FCFF819A1FE9ADDD0038E768 /* DefaultsController.swift */ = {isa = PBXFileReference; lastKnownFileType = sourcecode.swift; path = DefaultsController.swift; sourceTree = "<group>"; };
		FCFF819C1FE9AEA30038E768 /* PushesController.swift */ = {isa = PBXFileReference; lastKnownFileType = sourcecode.swift; path = PushesController.swift; sourceTree = "<group>"; };
		FCFF819E1FE9AFF70038E768 /* SendTokenRequest.swift */ = {isa = PBXFileReference; lastKnownFileType = sourcecode.swift; path = SendTokenRequest.swift; sourceTree = "<group>"; };
		FCFF81A01FE9BCFC0038E768 /* mlbl.entitlements */ = {isa = PBXFileReference; lastKnownFileType = text.plist.entitlements; path = mlbl.entitlements; sourceTree = "<group>"; };
/* End PBXFileReference section */

/* Begin PBXFrameworksBuildPhase section */
		FC705D301C80F00A00216AB8 /* Frameworks */ = {
			isa = PBXFrameworksBuildPhase;
			buildActionMask = 2147483647;
			files = (
				89242E74280504C254BE86A7 /* Pods_mlbl.framework in Frameworks */,
			);
			runOnlyForDeploymentPostprocessing = 0;
		};
/* End PBXFrameworksBuildPhase section */

/* Begin PBXGroup section */
		72967435F9FD74A2261A38FA /* Frameworks */ = {
			isa = PBXGroup;
			children = (
				F6CA67808BC7A749E6A768D7 /* Pods.framework */,
				BBF0BF998002FB4DA321E13E /* Pods_mlbl.framework */,
			);
			name = Frameworks;
			sourceTree = "<group>";
		};
		AF00028B9AD5B1B22EA379C1 /* Pods */ = {
			isa = PBXGroup;
			children = (
				78ACB04B86F9AEF1DC78789F /* Pods-mlbl.debug.xcconfig */,
				EF75FE81432D237347A9693D /* Pods-mlbl.release.xcconfig */,
			);
			name = Pods;
			sourceTree = "<group>";
		};
		FC321FA91C82F95800674271 /* Cells */ = {
			isa = PBXGroup;
			children = (
				FC321FAD1C82F9A200674271 /* PlayerCell.swift */,
				FC7546BB1D7D824E00F02119 /* PlayerCell.xib */,
				FCEEA9241D5BB26E00686DD6 /* PlayerStatCell.swift */,
				FC3558D81D75C304004C5080 /* GameCell.xib */,
				FC97931E1C8B6AFB00D4D5D9 /* GameCell.swift */,
				FCE18BAD1C8DF8120077A51A /* GameScoreCell.swift */,
				FC74B8161C8F733A000E6CC6 /* PeriodCell.swift */,
				FCEEA9261D5BBCB800686DD6 /* ParameterCell.swift */,
				FC0645461D6C7C250047FE1D /* RobinTeamCell.swift */,
				FC9837BD1D7079E300534AB1 /* PlayoffCell.swift */,
				FC57AC041D787093009E67C6 /* TeamMainCell.swift */,
				FC57AC0F1D79B063009E67C6 /* TeamPlayerCell.swift */,
				FCD2D5991D7A223B00C436E9 /* TeamGameCell.swift */,
				FC7546C71D7D9B6900F02119 /* PlayerTeamCell.swift */,
				FC7546C91D7DA4D600F02119 /* PlayerGamesCell.swift */,
				FC4623FF1D82A836003E9E30 /* StatisticCell.xib */,
				FC4624011D82A852003E9E30 /* StatisticCell.swift */,
				FC33361F1DF5C9770082EBD7 /* SettingsCell.swift */,
			);
			path = Cells;
			sourceTree = "<group>";
		};
		FC321FAA1C82F96800674271 /* Segue */ = {
			isa = PBXGroup;
			children = (
				FC321FAB1C82F97900674271 /* EmptySegue.swift */,
			);
			path = Segue;
			sourceTree = "<group>";
		};
		FC3939521D2ED2BC00F8361E /* Network */ = {
			isa = PBXGroup;
			children = (
				FC3939531D2ED2BC00F8361E /* NetworkRequest.swift */,
				FCD76E111D3F3EC5002BB24A /* CompetitionsRequest.swift */,
				FC3939571D2ED52800F8361E /* GameStatsRequest.swift */,
				FC3939591D2EDFEF00F8361E /* GamesRequest.swift */,
				FC6FC1611D3D4807004B49E1 /* PlayersRequest.swift */,
				FCEEA91E1D5B514500686DD6 /* StatParametersRequest.swift */,
				FC77C09F1D64C78800A12D1E /* BestPlayersRequest.swift */,
				FC0645441D6C73FA0047FE1D /* RoundRobinRequest.swift */,
				FC9837BB1D7069FD00534AB1 /* PlayoffRequest.swift */,
				FC57AC061D79661D009E67C6 /* TeamInfoRequest.swift */,
				FC57AC081D7974DB009E67C6 /* TeamRosterRequest.swift */,
				FCD2D59F1D7A2B2800C436E9 /* TeamGamesRequest.swift */,
				FC78EDC91D7C0F900008ED6E /* TeamStatsRequest.swift */,
				FC7546BD1D7D8B6F00F02119 /* PlayerTeamsRequest.swift */,
				FC22D2C41D9AA6FA009C6E27 /* PlayerStatsRequest.swift */,
				FCA661871E07C4A800D3EF6F /* OnlineStatusRequest.swift */,
				FCFF819E1FE9AFF70038E768 /* SendTokenRequest.swift */,
			);
			path = Network;
			sourceTree = "<group>";
		};
		FC57AC0A1D798098009E67C6 /* Views */ = {
			isa = PBXGroup;
			children = (
				FC57AC0B1D7980BD009E67C6 /* TeamPlayersHeader.xib */,
				FC57AC0D1D7980D7009E67C6 /* TeamPlayersHeader.swift */,
				FCD2D59D1D7A282B00C436E9 /* TeamGamesHeader.xib */,
				FCD2D59B1D7A281D00C436E9 /* TeamGamesHeader.swift */,
				FC7546C31D7D943700F02119 /* PlayerTeamsHeader.xib */,
				FC7546C51D7D945100F02119 /* PlayerTeamsHeader.swift */,
				FC46240F1D83478E003E9E30 /* TeamStatisticsHeader.xib */,
				FC46240D1D834778003E9E30 /* TeamStatisticsHeader.swift */,
				FC14B0B61DAC18B2007E1D84 /* PlayerGamesHeader.xib */,
				FC14B0B81DAC18C9007E1D84 /* PlayerGamesHeader.swift */,
				FC14B0BB1DAD1091007E1D84 /* TappableScrollView.swift */,
			);
			path = Views;
			sourceTree = "<group>";
		};
		FC705D2A1C80F00A00216AB8 = {
			isa = PBXGroup;
			children = (
				FC705D351C80F00A00216AB8 /* mlbl */,
				FC705D341C80F00A00216AB8 /* Products */,
				72967435F9FD74A2261A38FA /* Frameworks */,
				AF00028B9AD5B1B22EA379C1 /* Pods */,
			);
			sourceTree = "<group>";
		};
		FC705D341C80F00A00216AB8 /* Products */ = {
			isa = PBXGroup;
			children = (
				FC705D331C80F00A00216AB8 /* mlbl.app */,
			);
			name = Products;
			sourceTree = "<group>";
		};
		FC705D351C80F00A00216AB8 /* mlbl */ = {
			isa = PBXGroup;
			children = (
				FCFF81A01FE9BCFC0038E768 /* mlbl.entitlements */,
				FC705D361C80F00A00216AB8 /* AppDelegate.swift */,
				FC705D3A1C80F00A00216AB8 /* Main.storyboard */,
				FC9793221C8B729100D4D5D9 /* DataController.swift */,
				FCFF819A1FE9ADDD0038E768 /* DefaultsController.swift */,
				FCFF819C1FE9AEA30038E768 /* PushesController.swift */,
				FC3939521D2ED2BC00F8361E /* Network */,
				FC74B8111C8F646F000E6CC6 /* Contributed */,
				FC321FAA1C82F96800674271 /* Segue */,
				FC321FA91C82F95800674271 /* Cells */,
				FC705D4B1C80F8BD00216AB8 /* Controllers */,
				FC57AC0A1D798098009E67C6 /* Views */,
				FC705D401C80F00A00216AB8 /* Assets.xcassets */,
				FC637E5F1C946617009EE880 /* Localizable.strings */,
				FC705D421C80F00A00216AB8 /* LaunchScreen.storyboard */,
				FC705D451C80F00A00216AB8 /* Info.plist */,
				FC7546B71D7D518100F02119 /* InfoPlist.strings */,
				FC97930E1C8B5F2A00D4D5D9 /* Model */,
			);
			path = mlbl;
			sourceTree = "<group>";
		};
		FC705D4B1C80F8BD00216AB8 /* Controllers */ = {
			isa = PBXGroup;
			children = (
				FC705D4C1C80F8D400216AB8 /* MainController.swift */,
				FC637E551C945819009EE880 /* ChooseCompetitionController.swift */,
				FC321FA31C81B13E00674271 /* ContainerController.swift */,
				FC705D4E1C80F8FC00216AB8 /* BaseController.swift */,
				FC321FA71C82DF8D00674271 /* PlayersController.swift */,
				FC97930C1C8B5D9C00D4D5D9 /* GamesController.swift */,
				FC9793251C8D8AEA00D4D5D9 /* GameController.swift */,
				FC8F7A141D3CF2A50056C4D4 /* TableController.swift */,
				FC8F7A161D3CF33E0056C4D4 /* StatisticsController.swift */,
				FC3558DA1D75C4D2004C5080 /* PlayoffGamesController.swift */,
				FC57AC021D786C16009E67C6 /* TeamController.swift */,
				FC7546B91D7D776A00F02119 /* PlayerController.swift */,
				FCFD97F51DEC5CD900BBD360 /* Settings */,
			);
			path = Controllers;
			sourceTree = "<group>";
		};
		FC74B8111C8F646F000E6CC6 /* Contributed */ = {
			isa = PBXGroup;
			children = (
				FC74B8121C8F646F000E6CC6 /* Extensions.swift */,
				FC74B8141C8F648E000E6CC6 /* AFImageCache.swift */,
				FC637E631C94AB0B009EE880 /* FadeAnimator.swift */,
				FCDB3E8C1D54975D00FE3D62 /* UIBarButtonItem+UIViewAppearance_Swift.h */,
				FCDB3E8D1D54975D00FE3D62 /* UIBarButtonItem+UIViewAppearance_Swift.m */,
				FCDB3E8B1D54975C00FE3D62 /* mlbl-Bridging-Header.h */,
			);
			path = Contributed;
			sourceTree = "<group>";
		};
		FC97930E1C8B5F2A00D4D5D9 /* Model */ = {
			isa = PBXGroup;
			children = (
				FC14B0B31DABCD74007E1D84 /* mlbl.xcdatamodeld */,
				FC14B0AB1DABBB1D007E1D84 /* PlayerStatistics+CoreDataClass.swift */,
				FC14B0AC1DABBB1D007E1D84 /* PlayerStatistics+CoreDataProperties.swift */,
				FC7546BF1D7D8D5F00F02119 /* SeasonTeam+CoreDataProperties.swift */,
				FC7546C01D7D8D5F00F02119 /* SeasonTeam.swift */,
				FC9837B71D701E3900534AB1 /* TeamRoundRank+CoreDataProperties.swift */,
				FC9837B81D701E3900534AB1 /* TeamRoundRank.swift */,
				FC77C0A11D64E8CC00A12D1E /* PlayerRank+CoreDataProperties.swift */,
				FC77C0A21D64E8CC00A12D1E /* PlayerRank.swift */,
				FCEEA9201D5B54F400686DD6 /* StatParameter+CoreDataProperties.swift */,
				FCEEA9211D5B54F400686DD6 /* StatParameter.swift */,
				FCD76E131D3F4172002BB24A /* Competition+CoreDataProperties.swift */,
				FCD76E141D3F4172002BB24A /* Competition.swift */,
				FCA9413D1D48D82600D95A7A /* Team+CoreDataProperties.swift */,
				FC9793131C8B6ADB00D4D5D9 /* Team.swift */,
				FCA9413C1D48D82600D95A7A /* Game+CoreDataProperties.swift */,
				FC9793151C8B6ADB00D4D5D9 /* Game.swift */,
				FCA9413E1D48D82600D95A7A /* Player+CoreDataProperties.swift */,
				FC9793171C8B6ADB00D4D5D9 /* Player.swift */,
				FC9837BF1D7089AA00534AB1 /* PlayoffSerie+CoreDataProperties.swift */,
				FC9837C01D7089AA00534AB1 /* PlayoffSerie.swift */,
				FC78EDD31D7C56C10008ED6E /* GameStatistics+CoreDataProperties.swift */,
				FCA941401D48D82600D95A7A /* GameStatistics.swift */,
				FC78EDD41D7C56C10008ED6E /* TeamStatistics+CoreDataProperties.swift */,
				FC78EDD51D7C56C10008ED6E /* TeamStatistics.swift */,
			);
			path = Model;
			sourceTree = "<group>";
		};
		FCFD97F51DEC5CD900BBD360 /* Settings */ = {
			isa = PBXGroup;
			children = (
				FCFD97F81DEC5CEA00BBD360 /* Settings.storyboard */,
				FCFD97F61DEC5CD900BBD360 /* SettingsController.swift */,
			);
			path = Settings;
			sourceTree = "<group>";
		};
/* End PBXGroup section */

/* Begin PBXNativeTarget section */
		FC705D321C80F00A00216AB8 /* mlbl */ = {
			isa = PBXNativeTarget;
			buildConfigurationList = FC705D481C80F00A00216AB8 /* Build configuration list for PBXNativeTarget "mlbl" */;
			buildPhases = (
				5C38D92F4EED38F1CE67C5E0 /* [CP] Check Pods Manifest.lock */,
				FC705D2F1C80F00A00216AB8 /* Sources */,
				FC705D301C80F00A00216AB8 /* Frameworks */,
				FC705D311C80F00A00216AB8 /* Resources */,
				FC9793241C8D84E900D4D5D9 /* ShellScript */,
				AE6C86D0B55239EFA813195C /* [CP] Embed Pods Frameworks */,
				D5D407D5BAFCF301C973FB0F /* [CP] Copy Pods Resources */,
			);
			buildRules = (
			);
			dependencies = (
			);
			name = mlbl;
			productName = mlbl;
			productReference = FC705D331C80F00A00216AB8 /* mlbl.app */;
			productType = "com.apple.product-type.application";
		};
/* End PBXNativeTarget section */

/* Begin PBXProject section */
		FC705D2B1C80F00A00216AB8 /* Project object */ = {
			isa = PBXProject;
			attributes = {
				LastSwiftUpdateCheck = 0730;
				LastUpgradeCheck = 0920;
				ORGANIZATIONNAME = "Valentin Shamardin";
				TargetAttributes = {
					FC705D321C80F00A00216AB8 = {
						CreatedOnToolsVersion = 7.2.1;
						DevelopmentTeam = U7BR77R5M8;
						LastSwiftMigration = 0920;
						SystemCapabilities = {
							com.apple.Push = {
								enabled = 1;
							};
						};
					};
				};
			};
			buildConfigurationList = FC705D2E1C80F00A00216AB8 /* Build configuration list for PBXProject "mlbl" */;
			compatibilityVersion = "Xcode 3.2";
			developmentRegion = English;
			hasScannedForEncodings = 0;
			knownRegions = (
				en,
				Base,
				ru,
			);
			mainGroup = FC705D2A1C80F00A00216AB8;
			productRefGroup = FC705D341C80F00A00216AB8 /* Products */;
			projectDirPath = "";
			projectRoot = "";
			targets = (
				FC705D321C80F00A00216AB8 /* mlbl */,
			);
		};
/* End PBXProject section */

/* Begin PBXResourcesBuildPhase section */
		FC705D311C80F00A00216AB8 /* Resources */ = {
			isa = PBXResourcesBuildPhase;
			buildActionMask = 2147483647;
			files = (
				FC7546C41D7D943700F02119 /* PlayerTeamsHeader.xib in Resources */,
				FC4624101D83478E003E9E30 /* TeamStatisticsHeader.xib in Resources */,
				FC705D441C80F00A00216AB8 /* LaunchScreen.storyboard in Resources */,
				FC14B0B71DAC18B2007E1D84 /* PlayerGamesHeader.xib in Resources */,
				FC7546B51D7D518100F02119 /* InfoPlist.strings in Resources */,
				FC3558D91D75C304004C5080 /* GameCell.xib in Resources */,
				FC7546BC1D7D824E00F02119 /* PlayerCell.xib in Resources */,
				FC637E5D1C946617009EE880 /* Localizable.strings in Resources */,
				FCD2D59E1D7A282B00C436E9 /* TeamGamesHeader.xib in Resources */,
				FC705D411C80F00A00216AB8 /* Assets.xcassets in Resources */,
				FC57AC0C1D7980BD009E67C6 /* TeamPlayersHeader.xib in Resources */,
				FC4624001D82A836003E9E30 /* StatisticCell.xib in Resources */,
				FC705D3C1C80F00A00216AB8 /* Main.storyboard in Resources */,
				FCFD97F91DEC5CEA00BBD360 /* Settings.storyboard in Resources */,
			);
			runOnlyForDeploymentPostprocessing = 0;
		};
/* End PBXResourcesBuildPhase section */

/* Begin PBXShellScriptBuildPhase section */
		5C38D92F4EED38F1CE67C5E0 /* [CP] Check Pods Manifest.lock */ = {
			isa = PBXShellScriptBuildPhase;
			buildActionMask = 2147483647;
			files = (
			);
			inputPaths = (
				"${PODS_PODFILE_DIR_PATH}/Podfile.lock",
				"${PODS_ROOT}/Manifest.lock",
			);
			name = "[CP] Check Pods Manifest.lock";
			outputPaths = (
				"$(DERIVED_FILE_DIR)/Pods-mlbl-checkManifestLockResult.txt",
			);
			runOnlyForDeploymentPostprocessing = 0;
			shellPath = /bin/sh;
			shellScript = "diff \"${PODS_PODFILE_DIR_PATH}/Podfile.lock\" \"${PODS_ROOT}/Manifest.lock\" > /dev/null\nif [ $? != 0 ] ; then\n    # print error to STDERR\n    echo \"error: The sandbox is not in sync with the Podfile.lock. Run 'pod install' or update your CocoaPods installation.\" >&2\n    exit 1\nfi\n# This output is used by Xcode 'outputs' to avoid re-running this script phase.\necho \"SUCCESS\" > \"${SCRIPT_OUTPUT_FILE_0}\"\n";
			showEnvVarsInLog = 0;
		};
		AE6C86D0B55239EFA813195C /* [CP] Embed Pods Frameworks */ = {
			isa = PBXShellScriptBuildPhase;
			buildActionMask = 2147483647;
			files = (
			);
			inputPaths = (
				"${SRCROOT}/Pods/Target Support Files/Pods-mlbl/Pods-mlbl-frameworks.sh",
				"${BUILT_PRODUCTS_DIR}/SnapKit/SnapKit.framework",
				"${BUILT_PRODUCTS_DIR}/TTTAttributedLabel/TTTAttributedLabel.framework",
			);
			name = "[CP] Embed Pods Frameworks";
			outputPaths = (
				"${TARGET_BUILD_DIR}/${FRAMEWORKS_FOLDER_PATH}/SnapKit.framework",
				"${TARGET_BUILD_DIR}/${FRAMEWORKS_FOLDER_PATH}/TTTAttributedLabel.framework",
			);
			runOnlyForDeploymentPostprocessing = 0;
			shellPath = /bin/sh;
			shellScript = "\"${SRCROOT}/Pods/Target Support Files/Pods-mlbl/Pods-mlbl-frameworks.sh\"\n";
			showEnvVarsInLog = 0;
		};
		D5D407D5BAFCF301C973FB0F /* [CP] Copy Pods Resources */ = {
			isa = PBXShellScriptBuildPhase;
			buildActionMask = 2147483647;
			files = (
			);
			inputPaths = (
			);
			name = "[CP] Copy Pods Resources";
			outputPaths = (
			);
			runOnlyForDeploymentPostprocessing = 0;
			shellPath = /bin/sh;
			shellScript = "\"${SRCROOT}/Pods/Target Support Files/Pods-mlbl/Pods-mlbl-resources.sh\"\n";
			showEnvVarsInLog = 0;
		};
		FC9793241C8D84E900D4D5D9 /* ShellScript */ = {
			isa = PBXShellScriptBuildPhase;
			buildActionMask = 2147483647;
			files = (
			);
			inputPaths = (
			);
			outputPaths = (
			);
			runOnlyForDeploymentPostprocessing = 0;
			shellPath = /bin/sh;
			shellScript = "\"${PODS_ROOT}/Fabric/run\" 969a2d36d270b9457f2641fd5eff75ac6af6b8bc a635c13c55f670bf94cbf0908438483f6d87f9e879661588a3fad04ac3a0bc66";
		};
/* End PBXShellScriptBuildPhase section */

/* Begin PBXSourcesBuildPhase section */
		FC705D2F1C80F00A00216AB8 /* Sources */ = {
			isa = PBXSourcesBuildPhase;
			buildActionMask = 2147483647;
			files = (
				FC57AC051D787093009E67C6 /* TeamMainCell.swift in Sources */,
				FCFF819D1FE9AEA30038E768 /* PushesController.swift in Sources */,
				FC0645451D6C73FA0047FE1D /* RoundRobinRequest.swift in Sources */,
				FC3939581D2ED52800F8361E /* GameStatsRequest.swift in Sources */,
				FC14B0BC1DAD1091007E1D84 /* TappableScrollView.swift in Sources */,
				FC4624021D82A852003E9E30 /* StatisticCell.swift in Sources */,
				FC9793261C8D8AEA00D4D5D9 /* GameController.swift in Sources */,
				FCD76E121D3F3EC5002BB24A /* CompetitionsRequest.swift in Sources */,
				FC39395A1D2EDFEF00F8361E /* GamesRequest.swift in Sources */,
				FCDB3E8E1D54975D00FE3D62 /* UIBarButtonItem+UIViewAppearance_Swift.m in Sources */,
				FC9837B91D701E3900534AB1 /* TeamRoundRank+CoreDataProperties.swift in Sources */,
				FC321FAE1C82F9A200674271 /* PlayerCell.swift in Sources */,
				FC46240E1D834778003E9E30 /* TeamStatisticsHeader.swift in Sources */,
				FC9837C21D7089AA00534AB1 /* PlayoffSerie.swift in Sources */,
				FC9837BE1D7079E300534AB1 /* PlayoffCell.swift in Sources */,
				FC14B0B91DAC18C9007E1D84 /* PlayerGamesHeader.swift in Sources */,
				FC705D4D1C80F8D400216AB8 /* MainController.swift in Sources */,
				FC14B0AD1DABBB1D007E1D84 /* PlayerStatistics+CoreDataClass.swift in Sources */,
				FC78EDD81D7C56C10008ED6E /* TeamStatistics.swift in Sources */,
				FCEEA91F1D5B514500686DD6 /* StatParametersRequest.swift in Sources */,
				FC74B8151C8F648E000E6CC6 /* AFImageCache.swift in Sources */,
				FC97931F1C8B6AFB00D4D5D9 /* GameCell.swift in Sources */,
				FC74B8171C8F733A000E6CC6 /* PeriodCell.swift in Sources */,
				FC0645471D6C7C250047FE1D /* RobinTeamCell.swift in Sources */,
				FC97931B1C8B6ADB00D4D5D9 /* Game.swift in Sources */,
				FCEEA9251D5BB26E00686DD6 /* PlayerStatCell.swift in Sources */,
				FC637E561C945819009EE880 /* ChooseCompetitionController.swift in Sources */,
				FC321FA41C81B13E00674271 /* ContainerController.swift in Sources */,
				FCD2D5A01D7A2B2800C436E9 /* TeamGamesRequest.swift in Sources */,
				FCD76E151D3F4172002BB24A /* Competition+CoreDataProperties.swift in Sources */,
				FC7546C11D7D8D5F00F02119 /* SeasonTeam+CoreDataProperties.swift in Sources */,
				FCA941411D48D82600D95A7A /* Game+CoreDataProperties.swift in Sources */,
				FC78EDD61D7C56C10008ED6E /* GameStatistics+CoreDataProperties.swift in Sources */,
				FC77C0A31D64E8CC00A12D1E /* PlayerRank+CoreDataProperties.swift in Sources */,
				FC14B0AE1DABBB1D007E1D84 /* PlayerStatistics+CoreDataProperties.swift in Sources */,
				FC637E641C94AB0B009EE880 /* FadeAnimator.swift in Sources */,
				FCEEA9221D5B54F400686DD6 /* StatParameter+CoreDataProperties.swift in Sources */,
				FC57AC031D786C16009E67C6 /* TeamController.swift in Sources */,
				FC3939541D2ED2BD00F8361E /* NetworkRequest.swift in Sources */,
				FC57AC071D79661D009E67C6 /* TeamInfoRequest.swift in Sources */,
				FC7546C61D7D945100F02119 /* PlayerTeamsHeader.swift in Sources */,
				FCE18BAE1C8DF8120077A51A /* GameScoreCell.swift in Sources */,
				FC78EDCA1D7C0F900008ED6E /* TeamStatsRequest.swift in Sources */,
				FC7546BE1D7D8B6F00F02119 /* PlayerTeamsRequest.swift in Sources */,
				FC14B0B51DABCD74007E1D84 /* mlbl.xcdatamodeld in Sources */,
				FC7546CA1D7DA4D600F02119 /* PlayerGamesCell.swift in Sources */,
				FC7546C81D7D9B6900F02119 /* PlayerTeamCell.swift in Sources */,
				FC9837C11D7089AA00534AB1 /* PlayoffSerie+CoreDataProperties.swift in Sources */,
				FC57AC091D7974DB009E67C6 /* TeamRosterRequest.swift in Sources */,
				FCEEA9231D5B54F400686DD6 /* StatParameter.swift in Sources */,
				FC321FAC1C82F97900674271 /* EmptySegue.swift in Sources */,
				FC7546C21D7D8D5F00F02119 /* SeasonTeam.swift in Sources */,
				FC9837BA1D701E3900534AB1 /* TeamRoundRank.swift in Sources */,
				FC6FC1621D3D4807004B49E1 /* PlayersRequest.swift in Sources */,
				FC705D4F1C80F8FC00216AB8 /* BaseController.swift in Sources */,
				FC77C0A41D64E8CC00A12D1E /* PlayerRank.swift in Sources */,
				FCD2D59A1D7A223B00C436E9 /* TeamGameCell.swift in Sources */,
				FCFD97F71DEC5CD900BBD360 /* SettingsController.swift in Sources */,
				FC97930D1C8B5D9C00D4D5D9 /* GamesController.swift in Sources */,
				FC74B8131C8F646F000E6CC6 /* Extensions.swift in Sources */,
				FC8F7A151D3CF2A50056C4D4 /* TableController.swift in Sources */,
				FCA661881E07C4A800D3EF6F /* OnlineStatusRequest.swift in Sources */,
				FCEEA9271D5BBCB800686DD6 /* ParameterCell.swift in Sources */,
				FC77C0A01D64C78800A12D1E /* BestPlayersRequest.swift in Sources */,
				FC78EDD71D7C56C10008ED6E /* TeamStatistics+CoreDataProperties.swift in Sources */,
				FC9793191C8B6ADB00D4D5D9 /* Team.swift in Sources */,
				FC8F7A171D3CF33E0056C4D4 /* StatisticsController.swift in Sources */,
				FCA941421D48D82600D95A7A /* Team+CoreDataProperties.swift in Sources */,
				FCA941451D48D82600D95A7A /* GameStatistics.swift in Sources */,
				FCA941431D48D82600D95A7A /* Player+CoreDataProperties.swift in Sources */,
				FC57AC101D79B063009E67C6 /* TeamPlayerCell.swift in Sources */,
				FCD2D59C1D7A281D00C436E9 /* TeamGamesHeader.swift in Sources */,
				FC3558DB1D75C4D2004C5080 /* PlayoffGamesController.swift in Sources */,
				FC9793231C8B729100D4D5D9 /* DataController.swift in Sources */,
				FC57AC0E1D7980D7009E67C6 /* TeamPlayersHeader.swift in Sources */,
				FC9837BC1D7069FD00534AB1 /* PlayoffRequest.swift in Sources */,
				FC3336201DF5C9770082EBD7 /* SettingsCell.swift in Sources */,
				FCFF819F1FE9AFF70038E768 /* SendTokenRequest.swift in Sources */,
				FCD76E161D3F4172002BB24A /* Competition.swift in Sources */,
				FC705D371C80F00A00216AB8 /* AppDelegate.swift in Sources */,
				FC97931D1C8B6ADB00D4D5D9 /* Player.swift in Sources */,
				FC7546BA1D7D776A00F02119 /* PlayerController.swift in Sources */,
				FC22D2C51D9AA6FA009C6E27 /* PlayerStatsRequest.swift in Sources */,
				FC321FA81C82DF8D00674271 /* PlayersController.swift in Sources */,
				FCFF819B1FE9ADDD0038E768 /* DefaultsController.swift in Sources */,
			);
			runOnlyForDeploymentPostprocessing = 0;
		};
/* End PBXSourcesBuildPhase section */

/* Begin PBXVariantGroup section */
		FC637E5F1C946617009EE880 /* Localizable.strings */ = {
			isa = PBXVariantGroup;
			children = (
				FC637E5E1C946617009EE880 /* en */,
				FC637E601C946626009EE880 /* ru */,
			);
			name = Localizable.strings;
			sourceTree = "<group>";
		};
		FC705D3A1C80F00A00216AB8 /* Main.storyboard */ = {
			isa = PBXVariantGroup;
			children = (
				FC705D3B1C80F00A00216AB8 /* Base */,
			);
			name = Main.storyboard;
			sourceTree = "<group>";
		};
		FC705D421C80F00A00216AB8 /* LaunchScreen.storyboard */ = {
			isa = PBXVariantGroup;
			children = (
				FC705D431C80F00A00216AB8 /* Base */,
			);
			name = LaunchScreen.storyboard;
			sourceTree = "<group>";
		};
		FC7546B71D7D518100F02119 /* InfoPlist.strings */ = {
			isa = PBXVariantGroup;
			children = (
				FC7546B61D7D518100F02119 /* ru */,
				FC7546B81D7D518300F02119 /* en */,
			);
			name = InfoPlist.strings;
			sourceTree = "<group>";
		};
/* End PBXVariantGroup section */

/* Begin XCBuildConfiguration section */
		FC705D461C80F00A00216AB8 /* Debug */ = {
			isa = XCBuildConfiguration;
			buildSettings = {
				ALWAYS_SEARCH_USER_PATHS = NO;
				CLANG_ANALYZER_LOCALIZABILITY_NONLOCALIZED = YES;
				CLANG_CXX_LANGUAGE_STANDARD = "gnu++0x";
				CLANG_CXX_LIBRARY = "libc++";
				CLANG_ENABLE_MODULES = YES;
				CLANG_ENABLE_OBJC_ARC = YES;
				CLANG_WARN_BLOCK_CAPTURE_AUTORELEASING = YES;
				CLANG_WARN_BOOL_CONVERSION = YES;
				CLANG_WARN_COMMA = YES;
				CLANG_WARN_CONSTANT_CONVERSION = YES;
				CLANG_WARN_DIRECT_OBJC_ISA_USAGE = YES_ERROR;
				CLANG_WARN_EMPTY_BODY = YES;
				CLANG_WARN_ENUM_CONVERSION = YES;
				CLANG_WARN_INFINITE_RECURSION = YES;
				CLANG_WARN_INT_CONVERSION = YES;
				CLANG_WARN_NON_LITERAL_NULL_CONVERSION = YES;
				CLANG_WARN_OBJC_LITERAL_CONVERSION = YES;
				CLANG_WARN_OBJC_ROOT_CLASS = YES_ERROR;
				CLANG_WARN_RANGE_LOOP_ANALYSIS = YES;
				CLANG_WARN_STRICT_PROTOTYPES = YES;
				CLANG_WARN_SUSPICIOUS_MOVE = YES;
				CLANG_WARN_UNREACHABLE_CODE = YES;
				CLANG_WARN__DUPLICATE_METHOD_MATCH = YES;
				"CODE_SIGN_IDENTITY[sdk=iphoneos*]" = "iPhone Developer";
				COPY_PHASE_STRIP = NO;
				DEBUG_INFORMATION_FORMAT = dwarf;
				ENABLE_STRICT_OBJC_MSGSEND = YES;
				ENABLE_TESTABILITY = YES;
				GCC_C_LANGUAGE_STANDARD = gnu99;
				GCC_DYNAMIC_NO_PIC = NO;
				GCC_NO_COMMON_BLOCKS = YES;
				GCC_OPTIMIZATION_LEVEL = 0;
				GCC_PREPROCESSOR_DEFINITIONS = (
					"DEBUG=1",
					"$(inherited)",
				);
				GCC_WARN_64_TO_32_BIT_CONVERSION = YES;
				GCC_WARN_ABOUT_RETURN_TYPE = YES_ERROR;
				GCC_WARN_UNDECLARED_SELECTOR = YES;
				GCC_WARN_UNINITIALIZED_AUTOS = YES_AGGRESSIVE;
				GCC_WARN_UNUSED_FUNCTION = YES;
				GCC_WARN_UNUSED_VARIABLE = YES;
				IPHONEOS_DEPLOYMENT_TARGET = 8.0;
				MTL_ENABLE_DEBUG_INFO = YES;
				ONLY_ACTIVE_ARCH = YES;
				PROVISIONING_PROFILE = "db859d47-c174-4c30-83fb-a77839906526";
				SDKROOT = iphoneos;
				SWIFT_OPTIMIZATION_LEVEL = "-Onone";
				TARGETED_DEVICE_FAMILY = "1,2";
			};
			name = Debug;
		};
		FC705D471C80F00A00216AB8 /* Release */ = {
			isa = XCBuildConfiguration;
			buildSettings = {
				ALWAYS_SEARCH_USER_PATHS = NO;
				CLANG_ANALYZER_LOCALIZABILITY_NONLOCALIZED = YES;
				CLANG_CXX_LANGUAGE_STANDARD = "gnu++0x";
				CLANG_CXX_LIBRARY = "libc++";
				CLANG_ENABLE_MODULES = YES;
				CLANG_ENABLE_OBJC_ARC = YES;
				CLANG_WARN_BLOCK_CAPTURE_AUTORELEASING = YES;
				CLANG_WARN_BOOL_CONVERSION = YES;
				CLANG_WARN_COMMA = YES;
				CLANG_WARN_CONSTANT_CONVERSION = YES;
				CLANG_WARN_DIRECT_OBJC_ISA_USAGE = YES_ERROR;
				CLANG_WARN_EMPTY_BODY = YES;
				CLANG_WARN_ENUM_CONVERSION = YES;
				CLANG_WARN_INFINITE_RECURSION = YES;
				CLANG_WARN_INT_CONVERSION = YES;
				CLANG_WARN_NON_LITERAL_NULL_CONVERSION = YES;
				CLANG_WARN_OBJC_LITERAL_CONVERSION = YES;
				CLANG_WARN_OBJC_ROOT_CLASS = YES_ERROR;
				CLANG_WARN_RANGE_LOOP_ANALYSIS = YES;
				CLANG_WARN_STRICT_PROTOTYPES = YES;
				CLANG_WARN_SUSPICIOUS_MOVE = YES;
				CLANG_WARN_UNREACHABLE_CODE = YES;
				CLANG_WARN__DUPLICATE_METHOD_MATCH = YES;
				"CODE_SIGN_IDENTITY[sdk=iphoneos*]" = "iPhone Distribution: Shamardin Valentin (U7BR77R5M8)";
				COPY_PHASE_STRIP = NO;
				DEBUG_INFORMATION_FORMAT = "dwarf-with-dsym";
				ENABLE_NS_ASSERTIONS = NO;
				ENABLE_STRICT_OBJC_MSGSEND = YES;
				GCC_C_LANGUAGE_STANDARD = gnu99;
				GCC_NO_COMMON_BLOCKS = YES;
				GCC_WARN_64_TO_32_BIT_CONVERSION = YES;
				GCC_WARN_ABOUT_RETURN_TYPE = YES_ERROR;
				GCC_WARN_UNDECLARED_SELECTOR = YES;
				GCC_WARN_UNINITIALIZED_AUTOS = YES_AGGRESSIVE;
				GCC_WARN_UNUSED_FUNCTION = YES;
				GCC_WARN_UNUSED_VARIABLE = YES;
				IPHONEOS_DEPLOYMENT_TARGET = 8.0;
				MTL_ENABLE_DEBUG_INFO = NO;
				PROVISIONING_PROFILE = "8dfed0bb-c258-44a0-ab80-9091c150d13f";
				SDKROOT = iphoneos;
				SWIFT_OPTIMIZATION_LEVEL = "-Owholemodule";
				TARGETED_DEVICE_FAMILY = "1,2";
				VALIDATE_PRODUCT = YES;
			};
			name = Release;
		};
		FC705D491C80F00A00216AB8 /* Debug */ = {
			isa = XCBuildConfiguration;
			baseConfigurationReference = 78ACB04B86F9AEF1DC78789F /* Pods-mlbl.debug.xcconfig */;
			buildSettings = {
				ALWAYS_EMBED_SWIFT_STANDARD_LIBRARIES = "$(inherited)";
				ASSETCATALOG_COMPILER_APPICON_NAME = AppIcon;
				CLANG_ENABLE_MODULES = YES;
				CODE_SIGN_ENTITLEMENTS = mlbl/mlbl.entitlements;
				CODE_SIGN_IDENTITY = "iPhone Developer";
				"CODE_SIGN_IDENTITY[sdk=iphoneos*]" = "iPhone Developer";
				DEBUG_INFORMATION_FORMAT = "dwarf-with-dsym";
				INFOPLIST_FILE = mlbl/Info.plist;
				IPHONEOS_DEPLOYMENT_TARGET = 8.0;
				LD_RUNPATH_SEARCH_PATHS = "$(inherited) @executable_path/Frameworks";
				PRODUCT_BUNDLE_IDENTIFIER = ru.poglicier.mlbl;
				PRODUCT_NAME = "$(TARGET_NAME)";
				PROVISIONING_PROFILE = "";
				SWIFT_OBJC_BRIDGING_HEADER = "mlbl/Contributed/mlbl-Bridging-Header.h";
				SWIFT_OPTIMIZATION_LEVEL = "-Onone";
				SWIFT_SWIFT3_OBJC_INFERENCE = On;
				SWIFT_VERSION = 4.0;
			};
			name = Debug;
		};
		FC705D4A1C80F00A00216AB8 /* Release */ = {
			isa = XCBuildConfiguration;
			baseConfigurationReference = EF75FE81432D237347A9693D /* Pods-mlbl.release.xcconfig */;
			buildSettings = {
				ALWAYS_EMBED_SWIFT_STANDARD_LIBRARIES = "$(inherited)";
				ASSETCATALOG_COMPILER_APPICON_NAME = AppIcon;
				CLANG_ENABLE_MODULES = YES;
				CODE_SIGN_ENTITLEMENTS = mlbl/mlbl.entitlements;
				CODE_SIGN_IDENTITY = "iPhone Developer";
				"CODE_SIGN_IDENTITY[sdk=iphoneos*]" = "iPhone Developer";
				INFOPLIST_FILE = mlbl/Info.plist;
				IPHONEOS_DEPLOYMENT_TARGET = 8.0;
				LD_RUNPATH_SEARCH_PATHS = "$(inherited) @executable_path/Frameworks";
				PRODUCT_BUNDLE_IDENTIFIER = ru.poglicier.mlbl;
				PRODUCT_NAME = "$(TARGET_NAME)";
				PROVISIONING_PROFILE = "";
				SWIFT_OBJC_BRIDGING_HEADER = "mlbl/Contributed/mlbl-Bridging-Header.h";
				SWIFT_SWIFT3_OBJC_INFERENCE = On;
				SWIFT_VERSION = 4.0;
			};
			name = Release;
		};
/* End XCBuildConfiguration section */

/* Begin XCConfigurationList section */
		FC705D2E1C80F00A00216AB8 /* Build configuration list for PBXProject "mlbl" */ = {
			isa = XCConfigurationList;
			buildConfigurations = (
				FC705D461C80F00A00216AB8 /* Debug */,
				FC705D471C80F00A00216AB8 /* Release */,
			);
			defaultConfigurationIsVisible = 0;
			defaultConfigurationName = Release;
		};
		FC705D481C80F00A00216AB8 /* Build configuration list for PBXNativeTarget "mlbl" */ = {
			isa = XCConfigurationList;
			buildConfigurations = (
				FC705D491C80F00A00216AB8 /* Debug */,
				FC705D4A1C80F00A00216AB8 /* Release */,
			);
			defaultConfigurationIsVisible = 0;
			defaultConfigurationName = Release;
		};
/* End XCConfigurationList section */

/* Begin XCVersionGroup section */
		FC14B0B31DABCD74007E1D84 /* mlbl.xcdatamodeld */ = {
			isa = XCVersionGroup;
			children = (
				FC14B0BA1DACCB5E007E1D84 /* mlbl 2.xcdatamodel */,
				FC14B0B41DABCD74007E1D84 /* mlbl.xcdatamodel */,
			);
			currentVersion = FC14B0BA1DACCB5E007E1D84 /* mlbl 2.xcdatamodel */;
			path = mlbl.xcdatamodeld;
			sourceTree = "<group>";
			versionGroupType = wrapper.xcdatamodel;
		};
/* End XCVersionGroup section */
	};
	rootObject = FC705D2B1C80F00A00216AB8 /* Project object */;
}
